
Microsoft Visual Studio Solution File, Format Version 12.00
# Visual Studio Version 17
VisualStudioVersion = 17.3.32901.215
MinimumVisualStudioVersion = 10.0.40219.1
Project("{9A19103F-16F7-4668-BE54-9A1E7A4F7556}") = "VendasBack", "VendasBack\VendasBack.csproj", "{BA91A38C-65BB-4E93-BD1B-D935A07C50A0}"
EndProject
Project("{E53339B2-1760-4266-BCC7-CA923CBCF16C}") = "docker-compose", "docker-compose.dcproj", "{8C5872DB-DB1E-4D40-9679-36E0B94C7907}"
EndProject
Global
	GlobalSection(SolutionConfigurationPlatforms) = preSolution
		Debug|Any CPU = Debug|Any CPU
		Release|Any CPU = Release|Any CPU
	EndGlobalSection
	GlobalSection(ProjectConfigurationPlatforms) = postSolution
		{BA91A38C-65BB-4E93-BD1B-D935A07C50A0}.Debug|Any CPU.ActiveCfg = Debug|Any CPU
		{BA91A38C-65BB-4E93-BD1B-D935A07C50A0}.Debug|Any CPU.Build.0 = Debug|Any CPU
		{BA91A38C-65BB-4E93-BD1B-D935A07C50A0}.Release|Any CPU.ActiveCfg = Release|Any CPU
		{BA91A38C-65BB-4E93-BD1B-D935A07C50A0}.Release|Any CPU.Build.0 = Release|Any CPU
		{8C5872DB-DB1E-4D40-9679-36E0B94C7907}.Debug|Any CPU.ActiveCfg = Debug|Any CPU
		{8C5872DB-DB1E-4D40-9679-36E0B94C7907}.Debug|Any CPU.Build.0 = Debug|Any CPU
		{8C5872DB-DB1E-4D40-9679-36E0B94C7907}.Release|Any CPU.ActiveCfg = Release|Any CPU
		{8C5872DB-DB1E-4D40-9679-36E0B94C7907}.Release|Any CPU.Build.0 = Release|Any CPU
	EndGlobalSection
	GlobalSection(SolutionProperties) = preSolution
		HideSolutionNode = FALSE
	EndGlobalSection
	GlobalSection(ExtensibilityGlobals) = postSolution
		SolutionGuid = {F6995BD2-6B55-4C39-835A-51E9AC007DAB}
	EndGlobalSection
EndGlobal
